
Microsoft Visual Studio Solution File, Format Version 12.00
# Visual Studio 15
VisualStudioVersion = 15.0.28307.271
MinimumVisualStudioVersion = 10.0.40219.1
Project("{8BC9CEB8-8B4A-11D0-8D11-00A0C91BC942}") = "ws_1_home", "ws_1_home.vcxproj", "{CDA19D51-1968-4429-AD55-884234865864}"
EndProject
Global
	GlobalSection(SolutionConfigurationPlatforms) = preSolution
		Debug|x64 = Debug|x64
		Debug|x86 = Debug|x86
		Release|x64 = Release|x64
		Release|x86 = Release|x86
	EndGlobalSection
	GlobalSection(ProjectConfigurationPlatforms) = postSolution
		{CDA19D51-1968-4429-AD55-884234865864}.Debug|x64.ActiveCfg = Debug|x64
		{CDA19D51-1968-4429-AD55-884234865864}.Debug|x64.Build.0 = Debug|x64
		{CDA19D51-1968-4429-AD55-884234865864}.Debug|x86.ActiveCfg = Debug|Win32
		{CDA19D51-1968-4429-AD55-884234865864}.Debug|x86.Build.0 = Debug|Win32
		{CDA19D51-1968-4429-AD55-884234865864}.Release|x64.ActiveCfg = Release|x64
		{CDA19D51-1968-4429-AD55-884234865864}.Release|x64.Build.0 = Release|x64
		{CDA19D51-1968-4429-AD55-884234865864}.Release|x86.ActiveCfg = Release|Win32
		{CDA19D51-1968-4429-AD55-884234865864}.Release|x86.Build.0 = Release|Win32
	EndGlobalSection
	GlobalSection(SolutionProperties) = preSolution
		HideSolutionNode = FALSE
	EndGlobalSection
	GlobalSection(ExtensibilityGlobals) = postSolution
		SolutionGuid = {69AC3FBB-9F93-47CC-B2A2-996C9AE180EA}
	EndGlobalSection
EndGlobal
